{
  "name": "nodeno",
  "version": "0.1.0",
  "lockfileVersion": 2,
  "requires": true,
  "packages": {
    "": {
      "version": "0.1.0",
      "license": "MIT",
      "dependencies": {
        "node-fetch": "^2.6.1"
      },
      "devDependencies": {
        "@types/node": "^14.14.1"
      }
    },
    "node_modules/@types/node": {
      "version": "14.14.1",
      "resolved": "https://registry.npmjs.org/@types/node/-/node-14.14.1.tgz",
      "integrity": "sha512-D2/Xwp9c49JhIWq7SIrdvoYyGdq6yXkr5FTldN4rus9XljYFBul6P2epAID8xepOpL4ffcx09C05FZGK/1AIkw==",
      "dev": true
    },
    "node_modules/node-fetch": {
      "version": "2.6.1",
      "resolved": "https://registry.npmjs.org/node-fetch/-/node-fetch-2.6.1.tgz",
      "integrity": "sha512-V4aYg89jEoVRxRb2fJdAg8FHvI7cEyYdVAh94HH0UIK8oJxUfkjlDQN9RbMx+bEjP7+ggMiFRprSti032Oipxw==",
      "engines": {
        "node": "4.x || >=6.0.0"
      }
    }
  },
  "dependencies": {
    "@types/node": {
      "version": "14.14.1",
      "resolved": "https://registry.npmjs.org/@types/node/-/node-14.14.1.tgz",
      "integrity": "sha512-D2/Xwp9c49JhIWq7SIrdvoYyGdq6yXkr5FTldN4rus9XljYFBul6P2epAID8xepOpL4ffcx09C05FZGK/1AIkw==",
      "dev": true
    },
    "node-fetch": {
      "version": "2.6.1",
      "resolved": "https://registry.npmjs.org/node-fetch/-/node-fetch-2.6.1.tgz",
      "integrity": "sha512-V4aYg89jEoVRxRb2fJdAg8FHvI7cEyYdVAh94HH0UIK8oJxUfkjlDQN9RbMx+bEjP7+ggMiFRprSti032Oipxw=="
    }
  }
}
